
Microsoft Visual Studio Solution File, Format Version 12.00
# Visual Studio Version 17
VisualStudioVersion = 17.13.35919.96 d17.13
MinimumVisualStudioVersion = 10.0.40219.1
Project("{FAE04EC0-301F-11D3-BF4B-00C04F79EFBC}") = "Addcandy", "Addcandy\Addcandy.csproj", "{D868B316-42DF-41DE-8824-0C486959D727}"
EndProject
Global
	GlobalSection(SolutionConfigurationPlatforms) = preSolution
		Debug|Any CPU = Debug|Any CPU
		Release|Any CPU = Release|Any CPU
	EndGlobalSection
	GlobalSection(ProjectConfigurationPlatforms) = postSolution
		{D868B316-42DF-41DE-8824-0C486959D727}.Debug|Any CPU.ActiveCfg = Debug|Any CPU
		{D868B316-42DF-41DE-8824-0C486959D727}.Debug|Any CPU.Build.0 = Debug|Any CPU
		{D868B316-42DF-41DE-8824-0C486959D727}.Release|Any CPU.ActiveCfg = Release|Any CPU
		{D868B316-42DF-41DE-8824-0C486959D727}.Release|Any CPU.Build.0 = Release|Any CPU
	EndGlobalSection
	GlobalSection(SolutionProperties) = preSolution
		HideSolutionNode = FALSE
	EndGlobalSection
	GlobalSection(ExtensibilityGlobals) = postSolution
		SolutionGuid = {A015B7C5-2E00-4970-BC85-AB8E35FD2E63}
	EndGlobalSection
EndGlobal
